// !$*UTF8*$!
{
	archiveVersion = 1;
	classes = {
	};
	objectVersion = 50;
	objects = {

/* Begin PBXBuildFile section */
		2C2F62ED228E639A00FCDB55 /* AppDelegate.m in Sources */ = {isa = PBXBuildFile; fileRef = 2C2F62EC228E639A00FCDB55 /* AppDelegate.m */; };
		2C2F62F0228E639A00FCDB55 /* ViewController.m in Sources */ = {isa = PBXBuildFile; fileRef = 2C2F62EF228E639A00FCDB55 /* ViewController.m */; };
		2C2F62F3228E639A00FCDB55 /* Main.storyboard in Resources */ = {isa = PBXBuildFile; fileRef = 2C2F62F1228E639A00FCDB55 /* Main.storyboard */; };
		2C2F62F6228E639A00FCDB55 /* PushDemo.xcdatamodeld in Sources */ = {isa = PBXBuildFile; fileRef = 2C2F62F4228E639A00FCDB55 /* PushDemo.xcdatamodeld */; };
		2C2F62F8228E639D00FCDB55 /* Assets.xcassets in Resources */ = {isa = PBXBuildFile; fileRef = 2C2F62F7228E639D00FCDB55 /* Assets.xcassets */; };
		2C2F62FB228E639D00FCDB55 /* LaunchScreen.storyboard in Resources */ = {isa = PBXBuildFile; fileRef = 2C2F62F9228E639D00FCDB55 /* LaunchScreen.storyboard */; };
		2C2F62FE228E639D00FCDB55 /* main.m in Sources */ = {isa = PBXBuildFile; fileRef = 2C2F62FD228E639D00FCDB55 /* main.m */; };
		2C2F6308228E639D00FCDB55 /* PushDemoTests.m in Sources */ = {isa = PBXBuildFile; fileRef = 2C2F6307228E639D00FCDB55 /* PushDemoTests.m */; };
		2C2F6313228E639D00FCDB55 /* PushDemoUITests.m in Sources */ = {isa = PBXBuildFile; fileRef = 2C2F6312228E639D00FCDB55 /* PushDemoUITests.m */; };
		2C2F63222293E26200FCDB55 /* voip_call.caf in Resources */ = {isa = PBXBuildFile; fileRef = 2C2F63212293E26200FCDB55 /* voip_call.caf */; };
		2C7E0E1E22E7F0AC004ACD18 /* AJSoundManager.m in Sources */ = {isa = PBXBuildFile; fileRef = 2C7E0E1A22E7F0AC004ACD18 /* AJSoundManager.m */; };
		2C7E0E2322E7F14C004ACD18 /* DKPushManager.m in Sources */ = {isa = PBXBuildFile; fileRef = 2C7E0E2222E7F14C004ACD18 /* DKPushManager.m */; };
		2C7E0E2622E7F5BE004ACD18 /* DKPushLocalNoti.m in Sources */ = {isa = PBXBuildFile; fileRef = 2C7E0E2522E7F5BE004ACD18 /* DKPushLocalNoti.m */; };
		2C7E0E2922E8545F004ACD18 /* CustomAlertView.m in Sources */ = {isa = PBXBuildFile; fileRef = 2C7E0E2822E8545F004ACD18 /* CustomAlertView.m */; };
/* End PBXBuildFile section */

/* Begin PBXContainerItemProxy section */
		2C2F6304228E639D00FCDB55 /* PBXContainerItemProxy */ = {
			isa = PBXContainerItemProxy;
			containerPortal = 2C2F62E0228E639A00FCDB55 /* Project object */;
			proxyType = 1;
			remoteGlobalIDString = 2C2F62E7228E639A00FCDB55;
			remoteInfo = PushDemo;
		};
		2C2F630F228E639D00FCDB55 /* PBXContainerItemProxy */ = {
			isa = PBXContainerItemProxy;
			containerPortal = 2C2F62E0228E639A00FCDB55 /* Project object */;
			proxyType = 1;
			remoteGlobalIDString = 2C2F62E7228E639A00FCDB55;
			remoteInfo = PushDemo;
		};
/* End PBXContainerItemProxy section */

/* Begin PBXFileReference section */
		2C2F62E8228E639A00FCDB55 /* PushDemo.app */ = {isa = PBXFileReference; explicitFileType = wrapper.application; includeInIndex = 0; path = PushDemo.app; sourceTree = BUILT_PRODUCTS_DIR; };
		2C2F62EB228E639A00FCDB55 /* AppDelegate.h */ = {isa = PBXFileReference; lastKnownFileType = sourcecode.c.h; path = AppDelegate.h; sourceTree = "<group>"; };
		2C2F62EC228E639A00FCDB55 /* AppDelegate.m */ = {isa = PBXFileReference; lastKnownFileType = sourcecode.c.objc; path = AppDelegate.m; sourceTree = "<group>"; };
		2C2F62EE228E639A00FCDB55 /* ViewController.h */ = {isa = PBXFileReference; lastKnownFileType = sourcecode.c.h; path = ViewController.h; sourceTree = "<group>"; };
		2C2F62EF228E639A00FCDB55 /* ViewController.m */ = {isa = PBXFileReference; lastKnownFileType = sourcecode.c.objc; path = ViewController.m; sourceTree = "<group>"; };
		2C2F62F2228E639A00FCDB55 /* Base */ = {isa = PBXFileReference; lastKnownFileType = file.storyboard; name = Base; path = Base.lproj/Main.storyboard; sourceTree = "<group>"; };
		2C2F62F5228E639A00FCDB55 /* PushDemo.xcdatamodel */ = {isa = PBXFileReference; lastKnownFileType = wrapper.xcdatamodel; path = PushDemo.xcdatamodel; sourceTree = "<group>"; };
		2C2F62F7228E639D00FCDB55 /* Assets.xcassets */ = {isa = PBXFileReference; lastKnownFileType = folder.assetcatalog; path = Assets.xcassets; sourceTree = "<group>"; };
		2C2F62FA228E639D00FCDB55 /* Base */ = {isa = PBXFileReference; lastKnownFileType = file.storyboard; name = Base; path = Base.lproj/LaunchScreen.storyboard; sourceTree = "<group>"; };
		2C2F62FC228E639D00FCDB55 /* Info.plist */ = {isa = PBXFileReference; lastKnownFileType = text.plist.xml; path = Info.plist; sourceTree = "<group>"; };
		2C2F62FD228E639D00FCDB55 /* main.m */ = {isa = PBXFileReference; lastKnownFileType = sourcecode.c.objc; path = main.m; sourceTree = "<group>"; };
		2C2F6303228E639D00FCDB55 /* PushDemoTests.xctest */ = {isa = PBXFileReference; explicitFileType = wrapper.cfbundle; includeInIndex = 0; path = PushDemoTests.xctest; sourceTree = BUILT_PRODUCTS_DIR; };
		2C2F6307228E639D00FCDB55 /* PushDemoTests.m */ = {isa = PBXFileReference; lastKnownFileType = sourcecode.c.objc; path = PushDemoTests.m; sourceTree = "<group>"; };
		2C2F6309228E639D00FCDB55 /* Info.plist */ = {isa = PBXFileReference; lastKnownFileType = text.plist.xml; path = Info.plist; sourceTree = "<group>"; };
		2C2F630E228E639D00FCDB55 /* PushDemoUITests.xctest */ = {isa = PBXFileReference; explicitFileType = wrapper.cfbundle; includeInIndex = 0; path = PushDemoUITests.xctest; sourceTree = BUILT_PRODUCTS_DIR; };
		2C2F6312228E639D00FCDB55 /* PushDemoUITests.m */ = {isa = PBXFileReference; lastKnownFileType = sourcecode.c.objc; path = PushDemoUITests.m; sourceTree = "<group>"; };
		2C2F6314228E639D00FCDB55 /* Info.plist */ = {isa = PBXFileReference; lastKnownFileType = text.plist.xml; path = Info.plist; sourceTree = "<group>"; };
		2C2F63202293A13B00FCDB55 /* PushDemo.entitlements */ = {isa = PBXFileReference; lastKnownFileType = text.plist.entitlements; path = PushDemo.entitlements; sourceTree = "<group>"; };
		2C2F63212293E26200FCDB55 /* voip_call.caf */ = {isa = PBXFileReference; lastKnownFileType = file; path = voip_call.caf; sourceTree = "<group>"; };
		2C7E0E1A22E7F0AC004ACD18 /* AJSoundManager.m */ = {isa = PBXFileReference; fileEncoding = 4; lastKnownFileType = sourcecode.c.objc; path = AJSoundManager.m; sourceTree = "<group>"; };
		2C7E0E1D22E7F0AC004ACD18 /* AJSoundManager.h */ = {isa = PBXFileReference; fileEncoding = 4; lastKnownFileType = sourcecode.c.h; path = AJSoundManager.h; sourceTree = "<group>"; };
		2C7E0E2122E7F14C004ACD18 /* DKPushManager.h */ = {isa = PBXFileReference; lastKnownFileType = sourcecode.c.h; path = DKPushManager.h; sourceTree = "<group>"; };
		2C7E0E2222E7F14C004ACD18 /* DKPushManager.m */ = {isa = PBXFileReference; lastKnownFileType = sourcecode.c.objc; path = DKPushManager.m; sourceTree = "<group>"; };
		2C7E0E2422E7F5BE004ACD18 /* DKPushLocalNoti.h */ = {isa = PBXFileReference; lastKnownFileType = sourcecode.c.h; path = DKPushLocalNoti.h; sourceTree = "<group>"; };
		2C7E0E2522E7F5BE004ACD18 /* DKPushLocalNoti.m */ = {isa = PBXFileReference; lastKnownFileType = sourcecode.c.objc; path = DKPushLocalNoti.m; sourceTree = "<group>"; };
		2C7E0E2722E8545F004ACD18 /* CustomAlertView.h */ = {isa = PBXFileReference; lastKnownFileType = sourcecode.c.h; path = CustomAlertView.h; sourceTree = "<group>"; };
		2C7E0E2822E8545F004ACD18 /* CustomAlertView.m */ = {isa = PBXFileReference; lastKnownFileType = sourcecode.c.objc; path = CustomAlertView.m; sourceTree = "<group>"; };
/* End PBXFileReference section */

/* Begin PBXFrameworksBuildPhase section */
		2C2F62E5228E639A00FCDB55 /* Frameworks */ = {
			isa = PBXFrameworksBuildPhase;
			buildActionMask = 2147483647;
			files = (
			);
			runOnlyForDeploymentPostprocessing = 0;
		};
		2C2F6300228E639D00FCDB55 /* Frameworks */ = {
			isa = PBXFrameworksBuildPhase;
			buildActionMask = 2147483647;
			files = (
			);
			runOnlyForDeploymentPostprocessing = 0;
		};
		2C2F630B228E639D00FCDB55 /* Frameworks */ = {
			isa = PBXFrameworksBuildPhase;
			buildActionMask = 2147483647;
			files = (
			);
			runOnlyForDeploymentPostprocessing = 0;
		};
/* End PBXFrameworksBuildPhase section */

/* Begin PBXGroup section */
		2C2F62DF228E639A00FCDB55 = {
			isa = PBXGroup;
			children = (
				2C2F62EA228E639A00FCDB55 /* PushDemo */,
				2C2F6306228E639D00FCDB55 /* PushDemoTests */,
				2C2F6311228E639D00FCDB55 /* PushDemoUITests */,
				2C2F62E9228E639A00FCDB55 /* Products */,
			);
			sourceTree = "<group>";
		};
		2C2F62E9228E639A00FCDB55 /* Products */ = {
			isa = PBXGroup;
			children = (
				2C2F62E8228E639A00FCDB55 /* PushDemo.app */,
				2C2F6303228E639D00FCDB55 /* PushDemoTests.xctest */,
				2C2F630E228E639D00FCDB55 /* PushDemoUITests.xctest */,
			);
			name = Products;
			sourceTree = "<group>";
		};
		2C2F62EA228E639A00FCDB55 /* PushDemo */ = {
			isa = PBXGroup;
			children = (
				2C7E0E1722E7F0AC004ACD18 /* Push */,
				2C2F63212293E26200FCDB55 /* voip_call.caf */,
				2C2F63202293A13B00FCDB55 /* PushDemo.entitlements */,
				2C2F62EB228E639A00FCDB55 /* AppDelegate.h */,
				2C2F62EC228E639A00FCDB55 /* AppDelegate.m */,
				2C7E0E2722E8545F004ACD18 /* CustomAlertView.h */,
				2C7E0E2822E8545F004ACD18 /* CustomAlertView.m */,
				2C2F62EE228E639A00FCDB55 /* ViewController.h */,
				2C2F62EF228E639A00FCDB55 /* ViewController.m */,
				2C2F62F1228E639A00FCDB55 /* Main.storyboard */,
				2C2F62F7228E639D00FCDB55 /* Assets.xcassets */,
				2C2F62F9228E639D00FCDB55 /* LaunchScreen.storyboard */,
				2C2F62FC228E639D00FCDB55 /* Info.plist */,
				2C2F62FD228E639D00FCDB55 /* main.m */,
				2C2F62F4228E639A00FCDB55 /* PushDemo.xcdatamodeld */,
			);
			path = PushDemo;
			sourceTree = "<group>";
		};
		2C2F6306228E639D00FCDB55 /* PushDemoTests */ = {
			isa = PBXGroup;
			children = (
				2C2F6307228E639D00FCDB55 /* PushDemoTests.m */,
				2C2F6309228E639D00FCDB55 /* Info.plist */,
			);
			path = PushDemoTests;
			sourceTree = "<group>";
		};
		2C2F6311228E639D00FCDB55 /* PushDemoUITests */ = {
			isa = PBXGroup;
			children = (
				2C2F6312228E639D00FCDB55 /* PushDemoUITests.m */,
				2C2F6314228E639D00FCDB55 /* Info.plist */,
			);
			path = PushDemoUITests;
			sourceTree = "<group>";
		};
		2C7E0E1722E7F0AC004ACD18 /* Push */ = {
			isa = PBXGroup;
			children = (
				2C7E0E1D22E7F0AC004ACD18 /* AJSoundManager.h */,
				2C7E0E1A22E7F0AC004ACD18 /* AJSoundManager.m */,
				2C7E0E2122E7F14C004ACD18 /* DKPushManager.h */,
				2C7E0E2222E7F14C004ACD18 /* DKPushManager.m */,
				2C7E0E2422E7F5BE004ACD18 /* DKPushLocalNoti.h */,
				2C7E0E2522E7F5BE004ACD18 /* DKPushLocalNoti.m */,
			);
			path = Push;
			sourceTree = "<group>";
		};
/* End PBXGroup section */

/* Begin PBXNativeTarget section */
		2C2F62E7228E639A00FCDB55 /* PushDemo */ = {
			isa = PBXNativeTarget;
			buildConfigurationList = 2C2F6317228E639D00FCDB55 /* Build configuration list for PBXNativeTarget "PushDemo" */;
			buildPhases = (
				2C2F62E4228E639A00FCDB55 /* Sources */,
				2C2F62E5228E639A00FCDB55 /* Frameworks */,
				2C2F62E6228E639A00FCDB55 /* Resources */,
			);
			buildRules = (
			);
			dependencies = (
			);
			name = PushDemo;
			productName = PushDemo;
			productReference = 2C2F62E8228E639A00FCDB55 /* PushDemo.app */;
			productType = "com.apple.product-type.application";
		};
		2C2F6302228E639D00FCDB55 /* PushDemoTests */ = {
			isa = PBXNativeTarget;
			buildConfigurationList = 2C2F631A228E639D00FCDB55 /* Build configuration list for PBXNativeTarget "PushDemoTests" */;
			buildPhases = (
				2C2F62FF228E639D00FCDB55 /* Sources */,
				2C2F6300228E639D00FCDB55 /* Frameworks */,
				2C2F6301228E639D00FCDB55 /* Resources */,
			);
			buildRules = (
			);
			dependencies = (
				2C2F6305228E639D00FCDB55 /* PBXTargetDependency */,
			);
			name = PushDemoTests;
			productName = PushDemoTests;
			productReference = 2C2F6303228E639D00FCDB55 /* PushDemoTests.xctest */;
			productType = "com.apple.product-type.bundle.unit-test";
		};
		2C2F630D228E639D00FCDB55 /* PushDemoUITests */ = {
			isa = PBXNativeTarget;
			buildConfigurationList = 2C2F631D228E639D00FCDB55 /* Build configuration list for PBXNativeTarget "PushDemoUITests" */;
			buildPhases = (
				2C2F630A228E639D00FCDB55 /* Sources */,
				2C2F630B228E639D00FCDB55 /* Frameworks */,
				2C2F630C228E639D00FCDB55 /* Resources */,
			);
			buildRules = (
			);
			dependencies = (
				2C2F6310228E639D00FCDB55 /* PBXTargetDependency */,
			);
			name = PushDemoUITests;
			productName = PushDemoUITests;
			productReference = 2C2F630E228E639D00FCDB55 /* PushDemoUITests.xctest */;
			productType = "com.apple.product-type.bundle.ui-testing";
		};
/* End PBXNativeTarget section */

/* Begin PBXProject section */
		2C2F62E0228E639A00FCDB55 /* Project object */ = {
			isa = PBXProject;
			attributes = {
				LastUpgradeCheck = 1020;
				ORGANIZATIONNAME = duke;
				TargetAttributes = {
					2C2F62E7228E639A00FCDB55 = {
						CreatedOnToolsVersion = 10.2.1;
						SystemCapabilities = {
							com.apple.BackgroundModes = {
								enabled = 1;
							};
							com.apple.Push = {
								enabled = 1;
							};
						};
					};
					2C2F6302228E639D00FCDB55 = {
						CreatedOnToolsVersion = 10.2.1;
						TestTargetID = 2C2F62E7228E639A00FCDB55;
					};
					2C2F630D228E639D00FCDB55 = {
						CreatedOnToolsVersion = 10.2.1;
						TestTargetID = 2C2F62E7228E639A00FCDB55;
					};
				};
			};
			buildConfigurationList = 2C2F62E3228E639A00FCDB55 /* Build configuration list for PBXProject "PushDemo" */;
			compatibilityVersion = "Xcode 9.3";
			developmentRegion = en;
			hasScannedForEncodings = 0;
			knownRegions = (
				en,
				Base,
			);
			mainGroup = 2C2F62DF228E639A00FCDB55;
			productRefGroup = 2C2F62E9228E639A00FCDB55 /* Products */;
			projectDirPath = "";
			projectRoot = "";
			targets = (
				2C2F62E7228E639A00FCDB55 /* PushDemo */,
				2C2F6302228E639D00FCDB55 /* PushDemoTests */,
				2C2F630D228E639D00FCDB55 /* PushDemoUITests */,
			);
		};
/* End PBXProject section */

/* Begin PBXResourcesBuildPhase section */
		2C2F62E6228E639A00FCDB55 /* Resources */ = {
			isa = PBXResourcesBuildPhase;
			buildActionMask = 2147483647;
			files = (
				2C2F62FB228E639D00FCDB55 /* LaunchScreen.storyboard in Resources */,
				2C2F62F8228E639D00FCDB55 /* Assets.xcassets in Resources */,
				2C2F63222293E26200FCDB55 /* voip_call.caf in Resources */,
				2C2F62F3228E639A00FCDB55 /* Main.storyboard in Resources */,
			);
			runOnlyForDeploymentPostprocessing = 0;
		};
		2C2F6301228E639D00FCDB55 /* Resources */ = {
			isa = PBXResourcesBuildPhase;
			buildActionMask = 2147483647;
			files = (
			);
			runOnlyForDeploymentPostprocessing = 0;
		};
		2C2F630C228E639D00FCDB55 /* Resources */ = {
			isa = PBXResourcesBuildPhase;
			buildActionMask = 2147483647;
			files = (
			);
			runOnlyForDeploymentPostprocessing = 0;
		};
/* End PBXResourcesBuildPhase section */

/* Begin PBXSourcesBuildPhase section */
		2C2F62E4228E639A00FCDB55 /* Sources */ = {
			isa = PBXSourcesBuildPhase;
			buildActionMask = 2147483647;
			files = (
				2C7E0E2622E7F5BE004ACD18 /* DKPushLocalNoti.m in Sources */,
				2C2F62F0228E639A00FCDB55 /* ViewController.m in Sources */,
				2C7E0E2922E8545F004ACD18 /* CustomAlertView.m in Sources */,
				2C2F62F6228E639A00FCDB55 /* PushDemo.xcdatamodeld in Sources */,
				2C7E0E2322E7F14C004ACD18 /* DKPushManager.m in Sources */,
				2C7E0E1E22E7F0AC004ACD18 /* AJSoundManager.m in Sources */,
				2C2F62FE228E639D00FCDB55 /* main.m in Sources */,
				2C2F62ED228E639A00FCDB55 /* AppDelegate.m in Sources */,
			);
			runOnlyForDeploymentPostprocessing = 0;
		};
		2C2F62FF228E639D00FCDB55 /* Sources */ = {
			isa = PBXSourcesBuildPhase;
			buildActionMask = 2147483647;
			files = (
				2C2F6308228E639D00FCDB55 /* PushDemoTests.m in Sources */,
			);
			runOnlyForDeploymentPostprocessing = 0;
		};
		2C2F630A228E639D00FCDB55 /* Sources */ = {
			isa = PBXSourcesBuildPhase;
			buildActionMask = 2147483647;
			files = (
				2C2F6313228E639D00FCDB55 /* PushDemoUITests.m in Sources */,
			);
			runOnlyForDeploymentPostprocessing = 0;
		};
/* End PBXSourcesBuildPhase section */

/* Begin PBXTargetDependency section */
		2C2F6305228E639D00FCDB55 /* PBXTargetDependency */ = {
			isa = PBXTargetDependency;
			target = 2C2F62E7228E639A00FCDB55 /* PushDemo */;
			targetProxy = 2C2F6304228E639D00FCDB55 /* PBXContainerItemProxy */;
		};
		2C2F6310228E639D00FCDB55 /* PBXTargetDependency */ = {
			isa = PBXTargetDependency;
			target = 2C2F62E7228E639A00FCDB55 /* PushDemo */;
			targetProxy = 2C2F630F228E639D00FCDB55 /* PBXContainerItemProxy */;
		};
/* End PBXTargetDependency section */

/* Begin PBXVariantGroup section */
		2C2F62F1228E639A00FCDB55 /* Main.storyboard */ = {
			isa = PBXVariantGroup;
			children = (
				2C2F62F2228E639A00FCDB55 /* Base */,
			);
			name = Main.storyboard;
			sourceTree = "<group>";
		};
		2C2F62F9228E639D00FCDB55 /* LaunchScreen.storyboard */ = {
			isa = PBXVariantGroup;
			children = (
				2C2F62FA228E639D00FCDB55 /* Base */,
			);
			name = LaunchScreen.storyboard;
			sourceTree = "<group>";
		};
/* End PBXVariantGroup section */

/* Begin XCBuildConfiguration section */
		2C2F6315228E639D00FCDB55 /* Debug */ = {
			isa = XCBuildConfiguration;
			buildSettings = {
				ALWAYS_SEARCH_USER_PATHS = NO;
				CLANG_ANALYZER_NONNULL = YES;
				CLANG_ANALYZER_NUMBER_OBJECT_CONVERSION = YES_AGGRESSIVE;
				CLANG_CXX_LANGUAGE_STANDARD = "gnu++14";
				CLANG_CXX_LIBRARY = "libc++";
				CLANG_ENABLE_MODULES = YES;
				CLANG_ENABLE_OBJC_ARC = YES;
				CLANG_ENABLE_OBJC_WEAK = YES;
				CLANG_WARN_BLOCK_CAPTURE_AUTORELEASING = YES;
				CLANG_WARN_BOOL_CONVERSION = YES;
				CLANG_WARN_COMMA = YES;
				CLANG_WARN_CONSTANT_CONVERSION = YES;
				CLANG_WARN_DEPRECATED_OBJC_IMPLEMENTATIONS = YES;
				CLANG_WARN_DIRECT_OBJC_ISA_USAGE = YES_ERROR;
				CLANG_WARN_DOCUMENTATION_COMMENTS = YES;
				CLANG_WARN_EMPTY_BODY = YES;
				CLANG_WARN_ENUM_CONVERSION = YES;
				CLANG_WARN_INFINITE_RECURSION = YES;
				CLANG_WARN_INT_CONVERSION = YES;
				CLANG_WARN_NON_LITERAL_NULL_CONVERSION = YES;
				CLANG_WARN_OBJC_IMPLICIT_RETAIN_SELF = YES;
				CLANG_WARN_OBJC_LITERAL_CONVERSION = YES;
				CLANG_WARN_OBJC_ROOT_CLASS = YES_ERROR;
				CLANG_WARN_RANGE_LOOP_ANALYSIS = YES;
				CLANG_WARN_STRICT_PROTOTYPES = YES;
				CLANG_WARN_SUSPICIOUS_MOVE = YES;
				CLANG_WARN_UNGUARDED_AVAILABILITY = YES_AGGRESSIVE;
				CLANG_WARN_UNREACHABLE_CODE = YES;
				CLANG_WARN__DUPLICATE_METHOD_MATCH = YES;
				CODE_SIGN_IDENTITY = "iPhone Developer";
				COPY_PHASE_STRIP = NO;
				DEBUG_INFORMATION_FORMAT = dwarf;
				ENABLE_STRICT_OBJC_MSGSEND = YES;
				ENABLE_TESTABILITY = YES;
				GCC_C_LANGUAGE_STANDARD = gnu11;
				GCC_DYNAMIC_NO_PIC = NO;
				GCC_NO_COMMON_BLOCKS = YES;
				GCC_OPTIMIZATION_LEVEL = 0;
				GCC_PREPROCESSOR_DEFINITIONS = (
					"DEBUG=1",
					"$(inherited)",
				);
				GCC_WARN_64_TO_32_BIT_CONVERSION = YES;
				GCC_WARN_ABOUT_RETURN_TYPE = YES_ERROR;
				GCC_WARN_UNDECLARED_SELECTOR = YES;
				GCC_WARN_UNINITIALIZED_AUTOS = YES_AGGRESSIVE;
				GCC_WARN_UNUSED_FUNCTION = YES;
				GCC_WARN_UNUSED_VARIABLE = YES;
				IPHONEOS_DEPLOYMENT_TARGET = 12.2;
				MTL_ENABLE_DEBUG_INFO = INCLUDE_SOURCE;
				MTL_FAST_MATH = YES;
				ONLY_ACTIVE_ARCH = YES;
				SDKROOT = iphoneos;
			};
			name = Debug;
		};
		2C2F6316228E639D00FCDB55 /* Release */ = {
			isa = XCBuildConfiguration;
			buildSettings = {
				ALWAYS_SEARCH_USER_PATHS = NO;
				CLANG_ANALYZER_NONNULL = YES;
				CLANG_ANALYZER_NUMBER_OBJECT_CONVERSION = YES_AGGRESSIVE;
				CLANG_CXX_LANGUAGE_STANDARD = "gnu++14";
				CLANG_CXX_LIBRARY = "libc++";
				CLANG_ENABLE_MODULES = YES;
				CLANG_ENABLE_OBJC_ARC = YES;
				CLANG_ENABLE_OBJC_WEAK = YES;
				CLANG_WARN_BLOCK_CAPTURE_AUTORELEASING = YES;
				CLANG_WARN_BOOL_CONVERSION = YES;
				CLANG_WARN_COMMA = YES;
				CLANG_WARN_CONSTANT_CONVERSION = YES;
				CLANG_WARN_DEPRECATED_OBJC_IMPLEMENTATIONS = YES;
				CLANG_WARN_DIRECT_OBJC_ISA_USAGE = YES_ERROR;
				CLANG_WARN_DOCUMENTATION_COMMENTS = YES;
				CLANG_WARN_EMPTY_BODY = YES;
				CLANG_WARN_ENUM_CONVERSION = YES;
				CLANG_WARN_INFINITE_RECURSION = YES;
				CLANG_WARN_INT_CONVERSION = YES;
				CLANG_WARN_NON_LITERAL_NULL_CONVERSION = YES;
				CLANG_WARN_OBJC_IMPLICIT_RETAIN_SELF = YES;
				CLANG_WARN_OBJC_LITERAL_CONVERSION = YES;
				CLANG_WARN_OBJC_ROOT_CLASS = YES_ERROR;
				CLANG_WARN_RANGE_LOOP_ANALYSIS = YES;
				CLANG_WARN_STRICT_PROTOTYPES = YES;
				CLANG_WARN_SUSPICIOUS_MOVE = YES;
				CLANG_WARN_UNGUARDED_AVAILABILITY = YES_AGGRESSIVE;
				CLANG_WARN_UNREACHABLE_CODE = YES;
				CLANG_WARN__DUPLICATE_METHOD_MATCH = YES;
				CODE_SIGN_IDENTITY = "iPhone Developer";
				COPY_PHASE_STRIP = NO;
				DEBUG_INFORMATION_FORMAT = "dwarf-with-dsym";
				ENABLE_NS_ASSERTIONS = NO;
				ENABLE_STRICT_OBJC_MSGSEND = YES;
				GCC_C_LANGUAGE_STANDARD = gnu11;
				GCC_NO_COMMON_BLOCKS = YES;
				GCC_WARN_64_TO_32_BIT_CONVERSION = YES;
				GCC_WARN_ABOUT_RETURN_TYPE = YES_ERROR;
				GCC_WARN_UNDECLARED_SELECTOR = YES;
				GCC_WARN_UNINITIALIZED_AUTOS = YES_AGGRESSIVE;
				GCC_WARN_UNUSED_FUNCTION = YES;
				GCC_WARN_UNUSED_VARIABLE = YES;
				IPHONEOS_DEPLOYMENT_TARGET = 12.2;
				MTL_ENABLE_DEBUG_INFO = NO;
				MTL_FAST_MATH = YES;
				SDKROOT = iphoneos;
				VALIDATE_PRODUCT = YES;
			};
			name = Release;
		};
		2C2F6318228E639D00FCDB55 /* Debug */ = {
			isa = XCBuildConfiguration;
			buildSettings = {
				ASSETCATALOG_COMPILER_APPICON_NAME = AppIcon;
				CODE_SIGN_ENTITLEMENTS = PushDemo/PushDemo.entitlements;
				CODE_SIGN_STYLE = Automatic;
				DEVELOPMENT_TEAM = MY7M9X5X6S;
				INFOPLIST_FILE = PushDemo/Info.plist;
				IPHONEOS_DEPLOYMENT_TARGET = 10.0;
				LD_RUNPATH_SEARCH_PATHS = (
					"$(inherited)",
					"@executable_path/Frameworks",
				);
				PRODUCT_BUNDLE_IDENTIFIER = com.education.Deskmate100.PushDemo;
				PRODUCT_NAME = "$(TARGET_NAME)";
				TARGETED_DEVICE_FAMILY = "1,2";
			};
			name = Debug;
		};
		2C2F6319228E639D00FCDB55 /* Release */ = {
			isa = XCBuildConfiguration;
			buildSettings = {
				ASSETCATALOG_COMPILER_APPICON_NAME = AppIcon;
				CODE_SIGN_ENTITLEMENTS = PushDemo/PushDemo.entitlements;
				CODE_SIGN_STYLE = Automatic;
				DEVELOPMENT_TEAM = MY7M9X5X6S;
				INFOPLIST_FILE = PushDemo/Info.plist;
				IPHONEOS_DEPLOYMENT_TARGET = 10.0;
				LD_RUNPATH_SEARCH_PATHS = (
					"$(inherited)",
					"@executable_path/Frameworks",
				);
				PRODUCT_BUNDLE_IDENTIFIER = com.education.Deskmate100.PushDemo;
				PRODUCT_NAME = "$(TARGET_NAME)";
				TARGETED_DEVICE_FAMILY = "1,2";
			};
			name = Release;
		};
		2C2F631B228E639D00FCDB55 /* Debug */ = {
			isa = XCBuildConfiguration;
			buildSettings = {
				BUNDLE_LOADER = "$(TEST_HOST)";
				CODE_SIGN_STYLE = Automatic;
				DEVELOPMENT_TEAM = MY7M9X5X6S;
				INFOPLIST_FILE = PushDemoTests/Info.plist;
				LD_RUNPATH_SEARCH_PATHS = (
					"$(inherited)",
					"@executable_path/Frameworks",
					"@loader_path/Frameworks",
				);
				PRODUCT_BUNDLE_IDENTIFIER = com.education.Deskmate100.PushDemoTests;
				PRODUCT_NAME = "$(TARGET_NAME)";
				TARGETED_DEVICE_FAMILY = "1,2";
				TEST_HOST = "$(BUILT_PRODUCTS_DIR)/PushDemo.app/PushDemo";
			};
			name = Debug;
		};
		2C2F631C228E639D00FCDB55 /* Release */ = {
			isa = XCBuildConfiguration;
			buildSettings = {
				BUNDLE_LOADER = "$(TEST_HOST)";
				CODE_SIGN_STYLE = Automatic;
				DEVELOPMENT_TEAM = MY7M9X5X6S;
				INFOPLIST_FILE = PushDemoTests/Info.plist;
				LD_RUNPATH_SEARCH_PATHS = (
					"$(inherited)",
					"@executable_path/Frameworks",
					"@loader_path/Frameworks",
				);
				PRODUCT_BUNDLE_IDENTIFIER = com.education.Deskmate100.PushDemoTests;
				PRODUCT_NAME = "$(TARGET_NAME)";
				TARGETED_DEVICE_FAMILY = "1,2";
				TEST_HOST = "$(BUILT_PRODUCTS_DIR)/PushDemo.app/PushDemo";
			};
			name = Release;
		};
		2C2F631E228E639D00FCDB55 /* Debug */ = {
			isa = XCBuildConfiguration;
			buildSettings = {
				CODE_SIGN_STYLE = Automatic;
				DEVELOPMENT_TEAM = MY7M9X5X6S;
				INFOPLIST_FILE = PushDemoUITests/Info.plist;
				LD_RUNPATH_SEARCH_PATHS = (
					"$(inherited)",
					"@executable_path/Frameworks",
					"@loader_path/Frameworks",
				);
				PRODUCT_BUNDLE_IDENTIFIER = com.education.Deskmate100.PushDemoUITests;
				PRODUCT_NAME = "$(TARGET_NAME)";
				TARGETED_DEVICE_FAMILY = "1,2";
				TEST_TARGET_NAME = PushDemo;
			};
			name = Debug;
		};
		2C2F631F228E639D00FCDB55 /* Release */ = {
			isa = XCBuildConfiguration;
			buildSettings = {
				CODE_SIGN_STYLE = Automatic;
				DEVELOPMENT_TEAM = MY7M9X5X6S;
				INFOPLIST_FILE = PushDemoUITests/Info.plist;
				LD_RUNPATH_SEARCH_PATHS = (
					"$(inherited)",
					"@executable_path/Frameworks",
					"@loader_path/Frameworks",
				);
				PRODUCT_BUNDLE_IDENTIFIER = com.education.Deskmate100.PushDemoUITests;
				PRODUCT_NAME = "$(TARGET_NAME)";
				TARGETED_DEVICE_FAMILY = "1,2";
				TEST_TARGET_NAME = PushDemo;
			};
			name = Release;
		};
/* End XCBuildConfiguration section */

/* Begin XCConfigurationList section */
		2C2F62E3228E639A00FCDB55 /* Build configuration list for PBXProject "PushDemo" */ = {
			isa = XCConfigurationList;
			buildConfigurations = (
				2C2F6315228E639D00FCDB55 /* Debug */,
				2C2F6316228E639D00FCDB55 /* Release */,
			);
			defaultConfigurationIsVisible = 0;
			defaultConfigurationName = Release;
		};
		2C2F6317228E639D00FCDB55 /* Build configuration list for PBXNativeTarget "PushDemo" */ = {
			isa = XCConfigurationList;
			buildConfigurations = (
				2C2F6318228E639D00FCDB55 /* Debug */,
				2C2F6319228E639D00FCDB55 /* Release */,
			);
			defaultConfigurationIsVisible = 0;
			defaultConfigurationName = Release;
		};
		2C2F631A228E639D00FCDB55 /* Build configuration list for PBXNativeTarget "PushDemoTests" */ = {
			isa = XCConfigurationList;
			buildConfigurations = (
				2C2F631B228E639D00FCDB55 /* Debug */,
				2C2F631C228E639D00FCDB55 /* Release */,
			);
			defaultConfigurationIsVisible = 0;
			defaultConfigurationName = Release;
		};
		2C2F631D228E639D00FCDB55 /* Build configuration list for PBXNativeTarget "PushDemoUITests" */ = {
			isa = XCConfigurationList;
			buildConfigurations = (
				2C2F631E228E639D00FCDB55 /* Debug */,
				2C2F631F228E639D00FCDB55 /* Release */,
			);
			defaultConfigurationIsVisible = 0;
			defaultConfigurationName = Release;
		};
/* End XCConfigurationList section */

/* Begin XCVersionGroup section */
		2C2F62F4228E639A00FCDB55 /* PushDemo.xcdatamodeld */ = {
			isa = XCVersionGroup;
			children = (
				2C2F62F5228E639A00FCDB55 /* PushDemo.xcdatamodel */,
			);
			currentVersion = 2C2F62F5228E639A00FCDB55 /* PushDemo.xcdatamodel */;
			path = PushDemo.xcdatamodeld;
			sourceTree = "<group>";
			versionGroupType = wrapper.xcdatamodel;
		};
/* End XCVersionGroup section */
	};
	rootObject = 2C2F62E0228E639A00FCDB55 /* Project object */;
}
